// !$*UTF8*$!
{
	archiveVersion = 1;
	classes = {
	};
	objectVersion = 56;
	objects = {

/* Begin PBXBuildFile section */
		2B443DB12985AD7C0062A8E0 /* ColorPickerApp.swift in Sources */ = {isa = PBXBuildFile; fileRef = 2B443DB02985AD7C0062A8E0 /* ColorPickerApp.swift */; };
		2B443DB32985AD7C0062A8E0 /* ContentView.swift in Sources */ = {isa = PBXBuildFile; fileRef = 2B443DB22985AD7C0062A8E0 /* ContentView.swift */; };
		2B443DB52985AD7D0062A8E0 /* Assets.xcassets in Resources */ = {isa = PBXBuildFile; fileRef = 2B443DB42985AD7D0062A8E0 /* Assets.xcassets */; };
		2B443DB82985AD7D0062A8E0 /* Preview Assets.xcassets in Resources */ = {isa = PBXBuildFile; fileRef = 2B443DB72985AD7D0062A8E0 /* Preview Assets.xcassets */; };
		2B443DC22985AD7E0062A8E0 /* ColorPickerTests.swift in Sources */ = {isa = PBXBuildFile; fileRef = 2B443DC12985AD7E0062A8E0 /* ColorPickerTests.swift */; };
		2B443DCC2985AD7E0062A8E0 /* ColorPickerUITests.swift in Sources */ = {isa = PBXBuildFile; fileRef = 2B443DCB2985AD7E0062A8E0 /* ColorPickerUITests.swift */; };
		2B443DCE2985AD7E0062A8E0 /* ColorPickerUITestsLaunchTests.swift in Sources */ = {isa = PBXBuildFile; fileRef = 2B443DCD2985AD7E0062A8E0 /* ColorPickerUITestsLaunchTests.swift */; };
		2B443DDF2985ADE60062A8E0 /* ColorValue.swift in Sources */ = {isa = PBXBuildFile; fileRef = 2B443DDE2985ADE60062A8E0 /* ColorValue.swift */; };
		2B443DE12985AE4F0062A8E0 /* Home.swift in Sources */ = {isa = PBXBuildFile; fileRef = 2B443DE02985AE4F0062A8E0 /* Home.swift */; };
/* End PBXBuildFile section */

/* Begin PBXContainerItemProxy section */
		2B443DBE2985AD7E0062A8E0 /* PBXContainerItemProxy */ = {
			isa = PBXContainerItemProxy;
			containerPortal = 2B443DA52985AD7C0062A8E0 /* Project object */;
			proxyType = 1;
			remoteGlobalIDString = 2B443DAC2985AD7C0062A8E0;
			remoteInfo = ColorPicker;
		};
		2B443DC82985AD7E0062A8E0 /* PBXContainerItemProxy */ = {
			isa = PBXContainerItemProxy;
			containerPortal = 2B443DA52985AD7C0062A8E0 /* Project object */;
			proxyType = 1;
			remoteGlobalIDString = 2B443DAC2985AD7C0062A8E0;
			remoteInfo = ColorPicker;
		};
/* End PBXContainerItemProxy section */

/* Begin PBXFileReference section */
		2B443DAD2985AD7C0062A8E0 /* ColorPicker.app */ = {isa = PBXFileReference; explicitFileType = wrapper.application; includeInIndex = 0; path = ColorPicker.app; sourceTree = BUILT_PRODUCTS_DIR; };
		2B443DB02985AD7C0062A8E0 /* ColorPickerApp.swift */ = {isa = PBXFileReference; lastKnownFileType = sourcecode.swift; path = ColorPickerApp.swift; sourceTree = "<group>"; };
		2B443DB22985AD7C0062A8E0 /* ContentView.swift */ = {isa = PBXFileReference; lastKnownFileType = sourcecode.swift; path = ContentView.swift; sourceTree = "<group>"; };
		2B443DB42985AD7D0062A8E0 /* Assets.xcassets */ = {isa = PBXFileReference; lastKnownFileType = folder.assetcatalog; path = Assets.xcassets; sourceTree = "<group>"; };
		2B443DB72985AD7D0062A8E0 /* Preview Assets.xcassets */ = {isa = PBXFileReference; lastKnownFileType = folder.assetcatalog; path = "Preview Assets.xcassets"; sourceTree = "<group>"; };
		2B443DBD2985AD7E0062A8E0 /* ColorPickerTests.xctest */ = {isa = PBXFileReference; explicitFileType = wrapper.cfbundle; includeInIndex = 0; path = ColorPickerTests.xctest; sourceTree = BUILT_PRODUCTS_DIR; };
		2B443DC12985AD7E0062A8E0 /* ColorPickerTests.swift */ = {isa = PBXFileReference; lastKnownFileType = sourcecode.swift; path = ColorPickerTests.swift; sourceTree = "<group>"; };
		2B443DC72985AD7E0062A8E0 /* ColorPickerUITests.xctest */ = {isa = PBXFileReference; explicitFileType = wrapper.cfbundle; includeInIndex = 0; path = ColorPickerUITests.xctest; sourceTree = BUILT_PRODUCTS_DIR; };
		2B443DCB2985AD7E0062A8E0 /* ColorPickerUITests.swift */ = {isa = PBXFileReference; lastKnownFileType = sourcecode.swift; path = ColorPickerUITests.swift; sourceTree = "<group>"; };
		2B443DCD2985AD7E0062A8E0 /* ColorPickerUITestsLaunchTests.swift */ = {isa = PBXFileReference; lastKnownFileType = sourcecode.swift; path = ColorPickerUITestsLaunchTests.swift; sourceTree = "<group>"; };
		2B443DDE2985ADE60062A8E0 /* ColorValue.swift */ = {isa = PBXFileReference; fileEncoding = 4; lastKnownFileType = sourcecode.swift; name = ColorValue.swift; path = ../../TaskBully/Model/ColorValue.swift; sourceTree = "<group>"; };
		2B443DE02985AE4F0062A8E0 /* Home.swift */ = {isa = PBXFileReference; lastKnownFileType = sourcecode.swift; path = Home.swift; sourceTree = "<group>"; };
/* End PBXFileReference section */

/* Begin PBXFrameworksBuildPhase section */
		2B443DAA2985AD7C0062A8E0 /* Frameworks */ = {
			isa = PBXFrameworksBuildPhase;
			buildActionMask = 2147483647;
			files = (
			);
			runOnlyForDeploymentPostprocessing = 0;
		};
		2B443DBA2985AD7E0062A8E0 /* Frameworks */ = {
			isa = PBXFrameworksBuildPhase;
			buildActionMask = 2147483647;
			files = (
			);
			runOnlyForDeploymentPostprocessing = 0;
		};
		2B443DC42985AD7E0062A8E0 /* Frameworks */ = {
			isa = PBXFrameworksBuildPhase;
			buildActionMask = 2147483647;
			files = (
			);
			runOnlyForDeploymentPostprocessing = 0;
		};
/* End PBXFrameworksBuildPhase section */

/* Begin PBXGroup section */
		2B443DA42985AD7C0062A8E0 = {
			isa = PBXGroup;
			children = (
				2B443DDB2985ADB50062A8E0 /* Model */,
				2B443DDA2985ADAD0062A8E0 /* View */,
				2B443DAF2985AD7C0062A8E0 /* ColorPicker */,
				2B443DC02985AD7E0062A8E0 /* ColorPickerTests */,
				2B443DCA2985AD7E0062A8E0 /* ColorPickerUITests */,
				2B443DAE2985AD7C0062A8E0 /* Products */,
			);
			sourceTree = "<group>";
		};
		2B443DAE2985AD7C0062A8E0 /* Products */ = {
			isa = PBXGroup;
			children = (
				2B443DAD2985AD7C0062A8E0 /* ColorPicker.app */,
				2B443DBD2985AD7E0062A8E0 /* ColorPickerTests.xctest */,
				2B443DC72985AD7E0062A8E0 /* ColorPickerUITests.xctest */,
			);
			name = Products;
			sourceTree = "<group>";
		};
		2B443DAF2985AD7C0062A8E0 /* ColorPicker */ = {
			isa = PBXGroup;
			children = (
				2B443DB02985AD7C0062A8E0 /* ColorPickerApp.swift */,
				2B443DB22985AD7C0062A8E0 /* ContentView.swift */,
				2B443DB42985AD7D0062A8E0 /* Assets.xcassets */,
				2B443DB62985AD7D0062A8E0 /* Preview Content */,
			);
			path = ColorPicker;
			sourceTree = "<group>";
		};
		2B443DB62985AD7D0062A8E0 /* Preview Content */ = {
			isa = PBXGroup;
			children = (
				2B443DB72985AD7D0062A8E0 /* Preview Assets.xcassets */,
			);
			path = "Preview Content";
			sourceTree = "<group>";
		};
		2B443DC02985AD7E0062A8E0 /* ColorPickerTests */ = {
			isa = PBXGroup;
			children = (
				2B443DC12985AD7E0062A8E0 /* ColorPickerTests.swift */,
			);
			path = ColorPickerTests;
			sourceTree = "<group>";
		};
		2B443DCA2985AD7E0062A8E0 /* ColorPickerUITests */ = {
			isa = PBXGroup;
			children = (
				2B443DCB2985AD7E0062A8E0 /* ColorPickerUITests.swift */,
				2B443DCD2985AD7E0062A8E0 /* ColorPickerUITestsLaunchTests.swift */,
			);
			path = ColorPickerUITests;
			sourceTree = "<group>";
		};
		2B443DDA2985ADAD0062A8E0 /* View */ = {
			isa = PBXGroup;
			children = (
				2B443DE02985AE4F0062A8E0 /* Home.swift */,
			);
			path = View;
			sourceTree = "<group>";
		};
		2B443DDB2985ADB50062A8E0 /* Model */ = {
			isa = PBXGroup;
			children = (
				2B443DDE2985ADE60062A8E0 /* ColorValue.swift */,
			);
			path = Model;
			sourceTree = "<group>";
		};
/* End PBXGroup section */

/* Begin PBXNativeTarget section */
		2B443DAC2985AD7C0062A8E0 /* ColorPicker */ = {
			isa = PBXNativeTarget;
			buildConfigurationList = 2B443DD12985AD7E0062A8E0 /* Build configuration list for PBXNativeTarget "ColorPicker" */;
			buildPhases = (
				2B443DA92985AD7C0062A8E0 /* Sources */,
				2B443DAA2985AD7C0062A8E0 /* Frameworks */,
				2B443DAB2985AD7C0062A8E0 /* Resources */,
			);
			buildRules = (
			);
			dependencies = (
			);
			name = ColorPicker;
			productName = ColorPicker;
			productReference = 2B443DAD2985AD7C0062A8E0 /* ColorPicker.app */;
			productType = "com.apple.product-type.application";
		};
		2B443DBC2985AD7E0062A8E0 /* ColorPickerTests */ = {
			isa = PBXNativeTarget;
			buildConfigurationList = 2B443DD42985AD7E0062A8E0 /* Build configuration list for PBXNativeTarget "ColorPickerTests" */;
			buildPhases = (
				2B443DB92985AD7E0062A8E0 /* Sources */,
				2B443DBA2985AD7E0062A8E0 /* Frameworks */,
				2B443DBB2985AD7E0062A8E0 /* Resources */,
			);
			buildRules = (
			);
			dependencies = (
				2B443DBF2985AD7E0062A8E0 /* PBXTargetDependency */,
			);
			name = ColorPickerTests;
			productName = ColorPickerTests;
			productReference = 2B443DBD2985AD7E0062A8E0 /* ColorPickerTests.xctest */;
			productType = "com.apple.product-type.bundle.unit-test";
		};
		2B443DC62985AD7E0062A8E0 /* ColorPickerUITests */ = {
			isa = PBXNativeTarget;
			buildConfigurationList = 2B443DD72985AD7E0062A8E0 /* Build configuration list for PBXNativeTarget "ColorPickerUITests" */;
			buildPhases = (
				2B443DC32985AD7E0062A8E0 /* Sources */,
				2B443DC42985AD7E0062A8E0 /* Frameworks */,
				2B443DC52985AD7E0062A8E0 /* Resources */,
			);
			buildRules = (
			);
			dependencies = (
				2B443DC92985AD7E0062A8E0 /* PBXTargetDependency */,
			);
			name = ColorPickerUITests;
			productName = ColorPickerUITests;
			productReference = 2B443DC72985AD7E0062A8E0 /* ColorPickerUITests.xctest */;
			productType = "com.apple.product-type.bundle.ui-testing";
		};
/* End PBXNativeTarget section */

/* Begin PBXProject section */
		2B443DA52985AD7C0062A8E0 /* Project object */ = {
			isa = PBXProject;
			attributes = {
				BuildIndependentTargetsInParallel = 1;
				LastSwiftUpdateCheck = 1420;
				LastUpgradeCheck = 1420;
				TargetAttributes = {
					2B443DAC2985AD7C0062A8E0 = {
						CreatedOnToolsVersion = 14.2;
					};
					2B443DBC2985AD7E0062A8E0 = {
						CreatedOnToolsVersion = 14.2;
						TestTargetID = 2B443DAC2985AD7C0062A8E0;
					};
					2B443DC62985AD7E0062A8E0 = {
						CreatedOnToolsVersion = 14.2;
						TestTargetID = 2B443DAC2985AD7C0062A8E0;
					};
				};
			};
			buildConfigurationList = 2B443DA82985AD7C0062A8E0 /* Build configuration list for PBXProject "ColorPicker" */;
			compatibilityVersion = "Xcode 14.0";
			developmentRegion = en;
			hasScannedForEncodings = 0;
			knownRegions = (
				en,
				Base,
			);
			mainGroup = 2B443DA42985AD7C0062A8E0;
			productRefGroup = 2B443DAE2985AD7C0062A8E0 /* Products */;
			projectDirPath = "";
			projectRoot = "";
			targets = (
				2B443DAC2985AD7C0062A8E0 /* ColorPicker */,
				2B443DBC2985AD7E0062A8E0 /* ColorPickerTests */,
				2B443DC62985AD7E0062A8E0 /* ColorPickerUITests */,
			);
		};
/* End PBXProject section */

/* Begin PBXResourcesBuildPhase section */
		2B443DAB2985AD7C0062A8E0 /* Resources */ = {
			isa = PBXResourcesBuildPhase;
			buildActionMask = 2147483647;
			files = (
				2B443DB82985AD7D0062A8E0 /* Preview Assets.xcassets in Resources */,
				2B443DB52985AD7D0062A8E0 /* Assets.xcassets in Resources */,
			);
			runOnlyForDeploymentPostprocessing = 0;
		};
		2B443DBB2985AD7E0062A8E0 /* Resources */ = {
			isa = PBXResourcesBuildPhase;
			buildActionMask = 2147483647;
			files = (
			);
			runOnlyForDeploymentPostprocessing = 0;
		};
		2B443DC52985AD7E0062A8E0 /* Resources */ = {
			isa = PBXResourcesBuildPhase;
			buildActionMask = 2147483647;
			files = (
			);
			runOnlyForDeploymentPostprocessing = 0;
		};
/* End PBXResourcesBuildPhase section */

/* Begin PBXSourcesBuildPhase section */
		2B443DA92985AD7C0062A8E0 /* Sources */ = {
			isa = PBXSourcesBuildPhase;
			buildActionMask = 2147483647;
			files = (
				2B443DB32985AD7C0062A8E0 /* ContentView.swift in Sources */,
				2B443DB12985AD7C0062A8E0 /* ColorPickerApp.swift in Sources */,
				2B443DE12985AE4F0062A8E0 /* Home.swift in Sources */,
				2B443DDF2985ADE60062A8E0 /* ColorValue.swift in Sources */,
			);
			runOnlyForDeploymentPostprocessing = 0;
		};
		2B443DB92985AD7E0062A8E0 /* Sources */ = {
			isa = PBXSourcesBuildPhase;
			buildActionMask = 2147483647;
			files = (
				2B443DC22985AD7E0062A8E0 /* ColorPickerTests.swift in Sources */,
			);
			runOnlyForDeploymentPostprocessing = 0;
		};
		2B443DC32985AD7E0062A8E0 /* Sources */ = {
			isa = PBXSourcesBuildPhase;
			buildActionMask = 2147483647;
			files = (
				2B443DCE2985AD7E0062A8E0 /* ColorPickerUITestsLaunchTests.swift in Sources */,
				2B443DCC2985AD7E0062A8E0 /* ColorPickerUITests.swift in Sources */,
			);
			runOnlyForDeploymentPostprocessing = 0;
		};
/* End PBXSourcesBuildPhase section */

/* Begin PBXTargetDependency section */
		2B443DBF2985AD7E0062A8E0 /* PBXTargetDependency */ = {
			isa = PBXTargetDependency;
			target = 2B443DAC2985AD7C0062A8E0 /* ColorPicker */;
			targetProxy = 2B443DBE2985AD7E0062A8E0 /* PBXContainerItemProxy */;
		};
		2B443DC92985AD7E0062A8E0 /* PBXTargetDependency */ = {
			isa = PBXTargetDependency;
			target = 2B443DAC2985AD7C0062A8E0 /* ColorPicker */;
			targetProxy = 2B443DC82985AD7E0062A8E0 /* PBXContainerItemProxy */;
		};
/* End PBXTargetDependency section */

/* Begin XCBuildConfiguration section */
		2B443DCF2985AD7E0062A8E0 /* Debug */ = {
			isa = XCBuildConfiguration;
			buildSettings = {
				ALWAYS_SEARCH_USER_PATHS = NO;
				CLANG_ANALYZER_NONNULL = YES;
				CLANG_ANALYZER_NUMBER_OBJECT_CONVERSION = YES_AGGRESSIVE;
				CLANG_CXX_LANGUAGE_STANDARD = "gnu++20";
				CLANG_ENABLE_MODULES = YES;
				CLANG_ENABLE_OBJC_ARC = YES;
				CLANG_ENABLE_OBJC_WEAK = YES;
				CLANG_WARN_BLOCK_CAPTURE_AUTORELEASING = YES;
				CLANG_WARN_BOOL_CONVERSION = YES;
				CLANG_WARN_COMMA = YES;
				CLANG_WARN_CONSTANT_CONVERSION = YES;
				CLANG_WARN_DEPRECATED_OBJC_IMPLEMENTATIONS = YES;
				CLANG_WARN_DIRECT_OBJC_ISA_USAGE = YES_ERROR;
				CLANG_WARN_DOCUMENTATION_COMMENTS = YES;
				CLANG_WARN_EMPTY_BODY = YES;
				CLANG_WARN_ENUM_CONVERSION = YES;
				CLANG_WARN_INFINITE_RECURSION = YES;
				CLANG_WARN_INT_CONVERSION = YES;
				CLANG_WARN_NON_LITERAL_NULL_CONVERSION = YES;
				CLANG_WARN_OBJC_IMPLICIT_RETAIN_SELF = YES;
				CLANG_WARN_OBJC_LITERAL_CONVERSION = YES;
				CLANG_WARN_OBJC_ROOT_CLASS = YES_ERROR;
				CLANG_WARN_QUOTED_INCLUDE_IN_FRAMEWORK_HEADER = YES;
				CLANG_WARN_RANGE_LOOP_ANALYSIS = YES;
				CLANG_WARN_STRICT_PROTOTYPES = YES;
				CLANG_WARN_SUSPICIOUS_MOVE = YES;
				CLANG_WARN_UNGUARDED_AVAILABILITY = YES_AGGRESSIVE;
				CLANG_WARN_UNREACHABLE_CODE = YES;
				CLANG_WARN__DUPLICATE_METHOD_MATCH = YES;
				COPY_PHASE_STRIP = NO;
				DEBUG_INFORMATION_FORMAT = dwarf;
				ENABLE_STRICT_OBJC_MSGSEND = YES;
				ENABLE_TESTABILITY = YES;
				GCC_C_LANGUAGE_STANDARD = gnu11;
				GCC_DYNAMIC_NO_PIC = NO;
				GCC_NO_COMMON_BLOCKS = YES;
				GCC_OPTIMIZATION_LEVEL = 0;
				GCC_PREPROCESSOR_DEFINITIONS = (
					"DEBUG=1",
					"$(inherited)",
				);
				GCC_WARN_64_TO_32_BIT_CONVERSION = YES;
				GCC_WARN_ABOUT_RETURN_TYPE = YES_ERROR;
				GCC_WARN_UNDECLARED_SELECTOR = YES;
				GCC_WARN_UNINITIALIZED_AUTOS = YES_AGGRESSIVE;
				GCC_WARN_UNUSED_FUNCTION = YES;
				GCC_WARN_UNUSED_VARIABLE = YES;
				IPHONEOS_DEPLOYMENT_TARGET = 16.2;
				MTL_ENABLE_DEBUG_INFO = INCLUDE_SOURCE;
				MTL_FAST_MATH = YES;
				ONLY_ACTIVE_ARCH = YES;
				SDKROOT = iphoneos;
				SWIFT_ACTIVE_COMPILATION_CONDITIONS = DEBUG;
				SWIFT_OPTIMIZATION_LEVEL = "-Onone";
			};
			name = Debug;
		};
		2B443DD02985AD7E0062A8E0 /* Release */ = {
			isa = XCBuildConfiguration;
			buildSettings = {
				ALWAYS_SEARCH_USER_PATHS = NO;
				CLANG_ANALYZER_NONNULL = YES;
				CLANG_ANALYZER_NUMBER_OBJECT_CONVERSION = YES_AGGRESSIVE;
				CLANG_CXX_LANGUAGE_STANDARD = "gnu++20";
				CLANG_ENABLE_MODULES = YES;
				CLANG_ENABLE_OBJC_ARC = YES;
				CLANG_ENABLE_OBJC_WEAK = YES;
				CLANG_WARN_BLOCK_CAPTURE_AUTORELEASING = YES;
				CLANG_WARN_BOOL_CONVERSION = YES;
				CLANG_WARN_COMMA = YES;
				CLANG_WARN_CONSTANT_CONVERSION = YES;
				CLANG_WARN_DEPRECATED_OBJC_IMPLEMENTATIONS = YES;
				CLANG_WARN_DIRECT_OBJC_ISA_USAGE = YES_ERROR;
				CLANG_WARN_DOCUMENTATION_COMMENTS = YES;
				CLANG_WARN_EMPTY_BODY = YES;
				CLANG_WARN_ENUM_CONVERSION = YES;
				CLANG_WARN_INFINITE_RECURSION = YES;
				CLANG_WARN_INT_CONVERSION = YES;
				CLANG_WARN_NON_LITERAL_NULL_CONVERSION = YES;
				CLANG_WARN_OBJC_IMPLICIT_RETAIN_SELF = YES;
				CLANG_WARN_OBJC_LITERAL_CONVERSION = YES;
				CLANG_WARN_OBJC_ROOT_CLASS = YES_ERROR;
				CLANG_WARN_QUOTED_INCLUDE_IN_FRAMEWORK_HEADER = YES;
				CLANG_WARN_RANGE_LOOP_ANALYSIS = YES;
				CLANG_WARN_STRICT_PROTOTYPES = YES;
				CLANG_WARN_SUSPICIOUS_MOVE = YES;
				CLANG_WARN_UNGUARDED_AVAILABILITY = YES_AGGRESSIVE;
				CLANG_WARN_UNREACHABLE_CODE = YES;
				CLANG_WARN__DUPLICATE_METHOD_MATCH = YES;
				COPY_PHASE_STRIP = NO;
				DEBUG_INFORMATION_FORMAT = "dwarf-with-dsym";
				ENABLE_NS_ASSERTIONS = NO;
				ENABLE_STRICT_OBJC_MSGSEND = YES;
				GCC_C_LANGUAGE_STANDARD = gnu11;
				GCC_NO_COMMON_BLOCKS = YES;
				GCC_WARN_64_TO_32_BIT_CONVERSION = YES;
				GCC_WARN_ABOUT_RETURN_TYPE = YES_ERROR;
				GCC_WARN_UNDECLARED_SELECTOR = YES;
				GCC_WARN_UNINITIALIZED_AUTOS = YES_AGGRESSIVE;
				GCC_WARN_UNUSED_FUNCTION = YES;
				GCC_WARN_UNUSED_VARIABLE = YES;
				IPHONEOS_DEPLOYMENT_TARGET = 16.2;
				MTL_ENABLE_DEBUG_INFO = NO;
				MTL_FAST_MATH = YES;
				SDKROOT = iphoneos;
				SWIFT_COMPILATION_MODE = wholemodule;
				SWIFT_OPTIMIZATION_LEVEL = "-O";
				VALIDATE_PRODUCT = YES;
			};
			name = Release;
		};
		2B443DD22985AD7E0062A8E0 /* Debug */ = {
			isa = XCBuildConfiguration;
			buildSettings = {
				ASSETCATALOG_COMPILER_APPICON_NAME = AppIcon;
				ASSETCATALOG_COMPILER_GLOBAL_ACCENT_COLOR_NAME = AccentColor;
				CODE_SIGN_STYLE = Automatic;
				CURRENT_PROJECT_VERSION = 1;
				DEVELOPMENT_ASSET_PATHS = "\"ColorPicker/Preview Content\"";
				DEVELOPMENT_TEAM = 7TYTB46ZWJ;
				ENABLE_PREVIEWS = YES;
				GENERATE_INFOPLIST_FILE = YES;
				INFOPLIST_KEY_UIApplicationSceneManifest_Generation = YES;
				INFOPLIST_KEY_UIApplicationSupportsIndirectInputEvents = YES;
				INFOPLIST_KEY_UILaunchScreen_Generation = YES;
				INFOPLIST_KEY_UISupportedInterfaceOrientations_iPad = "UIInterfaceOrientationPortrait UIInterfaceOrientationPortraitUpsideDown UIInterfaceOrientationLandscapeLeft UIInterfaceOrientationLandscapeRight";
				INFOPLIST_KEY_UISupportedInterfaceOrientations_iPhone = "UIInterfaceOrientationPortrait UIInterfaceOrientationLandscapeLeft UIInterfaceOrientationLandscapeRight";
				LD_RUNPATH_SEARCH_PATHS = (
					"$(inherited)",
					"@executable_path/Frameworks",
				);
				MARKETING_VERSION = 1.0;
				PRODUCT_BUNDLE_IDENTIFIER = com.youngnamh.ColorPicker;
				PRODUCT_NAME = "$(TARGET_NAME)";
				SWIFT_EMIT_LOC_STRINGS = YES;
				SWIFT_VERSION = 5.0;
				TARGETED_DEVICE_FAMILY = "1,2";
			};
			name = Debug;
		};
		2B443DD32985AD7E0062A8E0 /* Release */ = {
			isa = XCBuildConfiguration;
			buildSettings = {
				ASSETCATALOG_COMPILER_APPICON_NAME = AppIcon;
				ASSETCATALOG_COMPILER_GLOBAL_ACCENT_COLOR_NAME = AccentColor;
				CODE_SIGN_STYLE = Automatic;
				CURRENT_PROJECT_VERSION = 1;
				DEVELOPMENT_ASSET_PATHS = "\"ColorPicker/Preview Content\"";
				DEVELOPMENT_TEAM = 7TYTB46ZWJ;
				ENABLE_PREVIEWS = YES;
				GENERATE_INFOPLIST_FILE = YES;
				INFOPLIST_KEY_UIApplicationSceneManifest_Generation = YES;
				INFOPLIST_KEY_UIApplicationSupportsIndirectInputEvents = YES;
				INFOPLIST_KEY_UILaunchScreen_Generation = YES;
				INFOPLIST_KEY_UISupportedInterfaceOrientations_iPad = "UIInterfaceOrientationPortrait UIInterfaceOrientationPortraitUpsideDown UIInterfaceOrientationLandscapeLeft UIInterfaceOrientationLandscapeRight";
				INFOPLIST_KEY_UISupportedInterfaceOrientations_iPhone = "UIInterfaceOrientationPortrait UIInterfaceOrientationLandscapeLeft UIInterfaceOrientationLandscapeRight";
				LD_RUNPATH_SEARCH_PATHS = (
					"$(inherited)",
					"@executable_path/Frameworks",
				);
				MARKETING_VERSION = 1.0;
				PRODUCT_BUNDLE_IDENTIFIER = com.youngnamh.ColorPicker;
				PRODUCT_NAME = "$(TARGET_NAME)";
				SWIFT_EMIT_LOC_STRINGS = YES;
				SWIFT_VERSION = 5.0;
				TARGETED_DEVICE_FAMILY = "1,2";
			};
			name = Release;
		};
		2B443DD52985AD7E0062A8E0 /* Debug */ = {
			isa = XCBuildConfiguration;
			buildSettings = {
				ALWAYS_EMBED_SWIFT_STANDARD_LIBRARIES = YES;
				BUNDLE_LOADER = "$(TEST_HOST)";
				CODE_SIGN_STYLE = Automatic;
				CURRENT_PROJECT_VERSION = 1;
				DEVELOPMENT_TEAM = 7TYTB46ZWJ;
				GENERATE_INFOPLIST_FILE = YES;
				IPHONEOS_DEPLOYMENT_TARGET = 16.2;
				MARKETING_VERSION = 1.0;
				PRODUCT_BUNDLE_IDENTIFIER = com.youngnamh.ColorPickerTests;
				PRODUCT_NAME = "$(TARGET_NAME)";
				SWIFT_EMIT_LOC_STRINGS = NO;
				SWIFT_VERSION = 5.0;
				TARGETED_DEVICE_FAMILY = "1,2";
				TEST_HOST = "$(BUILT_PRODUCTS_DIR)/ColorPicker.app/$(BUNDLE_EXECUTABLE_FOLDER_PATH)/ColorPicker";
			};
			name = Debug;
		};
		2B443DD62985AD7E0062A8E0 /* Release */ = {
			isa = XCBuildConfiguration;
			buildSettings = {
				ALWAYS_EMBED_SWIFT_STANDARD_LIBRARIES = YES;
				BUNDLE_LOADER = "$(TEST_HOST)";
				CODE_SIGN_STYLE = Automatic;
				CURRENT_PROJECT_VERSION = 1;
				DEVELOPMENT_TEAM = 7TYTB46ZWJ;
				GENERATE_INFOPLIST_FILE = YES;
				IPHONEOS_DEPLOYMENT_TARGET = 16.2;
				MARKETING_VERSION = 1.0;
				PRODUCT_BUNDLE_IDENTIFIER = com.youngnamh.ColorPickerTests;
				PRODUCT_NAME = "$(TARGET_NAME)";
				SWIFT_EMIT_LOC_STRINGS = NO;
				SWIFT_VERSION = 5.0;
				TARGETED_DEVICE_FAMILY = "1,2";
				TEST_HOST = "$(BUILT_PRODUCTS_DIR)/ColorPicker.app/$(BUNDLE_EXECUTABLE_FOLDER_PATH)/ColorPicker";
			};
			name = Release;
		};
		2B443DD82985AD7E0062A8E0 /* Debug */ = {
			isa = XCBuildConfiguration;
			buildSettings = {
				ALWAYS_EMBED_SWIFT_STANDARD_LIBRARIES = YES;
				CODE_SIGN_STYLE = Automatic;
				CURRENT_PROJECT_VERSION = 1;
				DEVELOPMENT_TEAM = 7TYTB46ZWJ;
				GENERATE_INFOPLIST_FILE = YES;
				MARKETING_VERSION = 1.0;
				PRODUCT_BUNDLE_IDENTIFIER = com.youngnamh.ColorPickerUITests;
				PRODUCT_NAME = "$(TARGET_NAME)";
				SWIFT_EMIT_LOC_STRINGS = NO;
				SWIFT_VERSION = 5.0;
				TARGETED_DEVICE_FAMILY = "1,2";
				TEST_TARGET_NAME = ColorPicker;
			};
			name = Debug;
		};
		2B443DD92985AD7E0062A8E0 /* Release */ = {
			isa = XCBuildConfiguration;
			buildSettings = {
				ALWAYS_EMBED_SWIFT_STANDARD_LIBRARIES = YES;
				CODE_SIGN_STYLE = Automatic;
				CURRENT_PROJECT_VERSION = 1;
				DEVELOPMENT_TEAM = 7TYTB46ZWJ;
				GENERATE_INFOPLIST_FILE = YES;
				MARKETING_VERSION = 1.0;
				PRODUCT_BUNDLE_IDENTIFIER = com.youngnamh.ColorPickerUITests;
				PRODUCT_NAME = "$(TARGET_NAME)";
				SWIFT_EMIT_LOC_STRINGS = NO;
				SWIFT_VERSION = 5.0;
				TARGETED_DEVICE_FAMILY = "1,2";
				TEST_TARGET_NAME = ColorPicker;
			};
			name = Release;
		};
/* End XCBuildConfiguration section */

/* Begin XCConfigurationList section */
		2B443DA82985AD7C0062A8E0 /* Build configuration list for PBXProject "ColorPicker" */ = {
			isa = XCConfigurationList;
			buildConfigurations = (
				2B443DCF2985AD7E0062A8E0 /* Debug */,
				2B443DD02985AD7E0062A8E0 /* Release */,
			);
			defaultConfigurationIsVisible = 0;
			defaultConfigurationName = Release;
		};
		2B443DD12985AD7E0062A8E0 /* Build configuration list for PBXNativeTarget "ColorPicker" */ = {
			isa = XCConfigurationList;
			buildConfigurations = (
				2B443DD22985AD7E0062A8E0 /* Debug */,
				2B443DD32985AD7E0062A8E0 /* Release */,
			);
			defaultConfigurationIsVisible = 0;
			defaultConfigurationName = Release;
		};
		2B443DD42985AD7E0062A8E0 /* Build configuration list for PBXNativeTarget "ColorPickerTests" */ = {
			isa = XCConfigurationList;
			buildConfigurations = (
				2B443DD52985AD7E0062A8E0 /* Debug */,
				2B443DD62985AD7E0062A8E0 /* Release */,
			);
			defaultConfigurationIsVisible = 0;
			defaultConfigurationName = Release;
		};
		2B443DD72985AD7E0062A8E0 /* Build configuration list for PBXNativeTarget "ColorPickerUITests" */ = {
			isa = XCConfigurationList;
			buildConfigurations = (
				2B443DD82985AD7E0062A8E0 /* Debug */,
				2B443DD92985AD7E0062A8E0 /* Release */,
			);
			defaultConfigurationIsVisible = 0;
			defaultConfigurationName = Release;
		};
/* End XCConfigurationList section */
	};
	rootObject = 2B443DA52985AD7C0062A8E0 /* Project object */;
}
